// !$*UTF8*$!
{
	archiveVersion = 1;
	classes = {
	};
	objectVersion = 50;
	objects = {

/* Begin PBXBuildFile section */
		43532D0423D2327300C01282 /* AppDelegate.swift in Sources */ = {isa = PBXBuildFile; fileRef = 43532D0323D2327300C01282 /* AppDelegate.swift */; };
		43532D0623D2327300C01282 /* SceneDelegate.swift in Sources */ = {isa = PBXBuildFile; fileRef = 43532D0523D2327300C01282 /* SceneDelegate.swift */; };
		43532D0823D2327300C01282 /* ViewController.swift in Sources */ = {isa = PBXBuildFile; fileRef = 43532D0723D2327300C01282 /* ViewController.swift */; };
		43532D0B23D2327300C01282 /* Main.storyboard in Resources */ = {isa = PBXBuildFile; fileRef = 43532D0923D2327300C01282 /* Main.storyboard */; };
		43532D0D23D2327600C01282 /* Assets.xcassets in Resources */ = {isa = PBXBuildFile; fileRef = 43532D0C23D2327600C01282 /* Assets.xcassets */; };
		43532D1023D2327600C01282 /* LaunchScreen.storyboard in Resources */ = {isa = PBXBuildFile; fileRef = 43532D0E23D2327600C01282 /* LaunchScreen.storyboard */; };
		43532D1823D232A000C01282 /* MyBreastImageClassifier 1.mlmodel in Sources */ = {isa = PBXBuildFile; fileRef = 43532D1723D232A000C01282 /* MyBreastImageClassifier 1.mlmodel */; };
/* End PBXBuildFile section */

/* Begin PBXFileReference section */
		43532D0023D2327300C01282 /* BreastScouter.app */ = {isa = PBXFileReference; explicitFileType = wrapper.application; includeInIndex = 0; path = BreastScouter.app; sourceTree = BUILT_PRODUCTS_DIR; };
		43532D0323D2327300C01282 /* AppDelegate.swift */ = {isa = PBXFileReference; lastKnownFileType = sourcecode.swift; path = AppDelegate.swift; sourceTree = "<group>"; };
		43532D0523D2327300C01282 /* SceneDelegate.swift */ = {isa = PBXFileReference; lastKnownFileType = sourcecode.swift; path = SceneDelegate.swift; sourceTree = "<group>"; };
		43532D0723D2327300C01282 /* ViewController.swift */ = {isa = PBXFileReference; lastKnownFileType = sourcecode.swift; path = ViewController.swift; sourceTree = "<group>"; };
		43532D0A23D2327300C01282 /* Base */ = {isa = PBXFileReference; lastKnownFileType = file.storyboard; name = Base; path = Base.lproj/Main.storyboard; sourceTree = "<group>"; };
		43532D0C23D2327600C01282 /* Assets.xcassets */ = {isa = PBXFileReference; lastKnownFileType = folder.assetcatalog; path = Assets.xcassets; sourceTree = "<group>"; };
		43532D0F23D2327600C01282 /* Base */ = {isa = PBXFileReference; lastKnownFileType = file.storyboard; name = Base; path = Base.lproj/LaunchScreen.storyboard; sourceTree = "<group>"; };
		43532D1123D2327600C01282 /* Info.plist */ = {isa = PBXFileReference; lastKnownFileType = text.plist.xml; path = Info.plist; sourceTree = "<group>"; };
		43532D1723D232A000C01282 /* MyBreastImageClassifier 1.mlmodel */ = {isa = PBXFileReference; lastKnownFileType = file.mlmodel; path = "MyBreastImageClassifier 1.mlmodel"; sourceTree = "<group>"; };
/* End PBXFileReference section */

/* Begin PBXFrameworksBuildPhase section */
		43532CFD23D2327300C01282 /* Frameworks */ = {
			isa = PBXFrameworksBuildPhase;
			buildActionMask = 2147483647;
			files = (
			);
			runOnlyForDeploymentPostprocessing = 0;
		};
/* End PBXFrameworksBuildPhase section */

/* Begin PBXGroup section */
		43532CF723D2327300C01282 = {
			isa = PBXGroup;
			children = (
				43532D0223D2327300C01282 /* BreastScouter */,
				43532D0123D2327300C01282 /* Products */,
			);
			sourceTree = "<group>";
		};
		43532D0123D2327300C01282 /* Products */ = {
			isa = PBXGroup;
			children = (
				43532D0023D2327300C01282 /* BreastScouter.app */,
			);
			name = Products;
			sourceTree = "<group>";
		};
		43532D0223D2327300C01282 /* BreastScouter */ = {
			isa = PBXGroup;
			children = (
				43532D0323D2327300C01282 /* AppDelegate.swift */,
				43532D0523D2327300C01282 /* SceneDelegate.swift */,
				43532D0723D2327300C01282 /* ViewController.swift */,
				43532D0923D2327300C01282 /* Main.storyboard */,
				43532D0C23D2327600C01282 /* Assets.xcassets */,
				43532D0E23D2327600C01282 /* LaunchScreen.storyboard */,
				43532D1723D232A000C01282 /* MyBreastImageClassifier 1.mlmodel */,
				43532D1123D2327600C01282 /* Info.plist */,
			);
			path = BreastScouter;
			sourceTree = "<group>";
		};
/* End PBXGroup section */

/* Begin PBXNativeTarget section */
		43532CFF23D2327300C01282 /* BreastScouter */ = {
			isa = PBXNativeTarget;
			buildConfigurationList = 43532D1423D2327600C01282 /* Build configuration list for PBXNativeTarget "BreastScouter" */;
			buildPhases = (
				43532CFC23D2327300C01282 /* Sources */,
				43532CFD23D2327300C01282 /* Frameworks */,
				43532CFE23D2327300C01282 /* Resources */,
			);
			buildRules = (
			);
			dependencies = (
			);
			name = BreastScouter;
			productName = BreastScouter;
			productReference = 43532D0023D2327300C01282 /* BreastScouter.app */;
			productType = "com.apple.product-type.application";
		};
/* End PBXNativeTarget section */

/* Begin PBXProject section */
		43532CF823D2327300C01282 /* Project object */ = {
			isa = PBXProject;
			attributes = {
				LastSwiftUpdateCheck = 1130;
				LastUpgradeCheck = 1130;
				ORGANIZATIONNAME = "Yuta Watanabe";
				TargetAttributes = {
					43532CFF23D2327300C01282 = {
						CreatedOnToolsVersion = 11.3;
					};
				};
			};
			buildConfigurationList = 43532CFB23D2327300C01282 /* Build configuration list for PBXProject "BreastScouter" */;
			compatibilityVersion = "Xcode 9.3";
			developmentRegion = en;
			hasScannedForEncodings = 0;
			knownRegions = (
				en,
				Base,
			);
			mainGroup = 43532CF723D2327300C01282;
			productRefGroup = 43532D0123D2327300C01282 /* Products */;
			projectDirPath = "";
			projectRoot = "";
			targets = (
				43532CFF23D2327300C01282 /* BreastScouter */,
			);
		};
/* End PBXProject section */

/* Begin PBXResourcesBuildPhase section */
		43532CFE23D2327300C01282 /* Resources */ = {
			isa = PBXResourcesBuildPhase;
			buildActionMask = 2147483647;
			files = (
				43532D1023D2327600C01282 /* LaunchScreen.storyboard in Resources */,
				43532D0D23D2327600C01282 /* Assets.xcassets in Resources */,
				43532D0B23D2327300C01282 /* Main.storyboard in Resources */,
			);
			runOnlyForDeploymentPostprocessing = 0;
		};
/* End PBXResourcesBuildPhase section */

/* Begin PBXSourcesBuildPhase section */
		43532CFC23D2327300C01282 /* Sources */ = {
			isa = PBXSourcesBuildPhase;
			buildActionMask = 2147483647;
			files = (
				43532D0823D2327300C01282 /* ViewController.swift in Sources */,
				43532D0423D2327300C01282 /* AppDelegate.swift in Sources */,
				43532D0623D2327300C01282 /* SceneDelegate.swift in Sources */,
				43532D1823D232A000C01282 /* MyBreastImageClassifier 1.mlmodel in Sources */,
			);
			runOnlyForDeploymentPostprocessing = 0;
		};
/* End PBXSourcesBuildPhase section */

/* Begin PBXVariantGroup section */
		43532D0923D2327300C01282 /* Main.storyboard */ = {
			isa = PBXVariantGroup;
			children = (
				43532D0A23D2327300C01282 /* Base */,
			);
			name = Main.storyboard;
			sourceTree = "<group>";
		};
		43532D0E23D2327600C01282 /* LaunchScreen.storyboard */ = {
			isa = PBXVariantGroup;
			children = (
				43532D0F23D2327600C01282 /* Base */,
			);
			name = LaunchScreen.storyboard;
			sourceTree = "<group>";
		};
/* End PBXVariantGroup section */

/* Begin XCBuildConfiguration section */
		43532D1223D2327600C01282 /* Debug */ = {
			isa = XCBuildConfiguration;
			buildSettings = {
				ALWAYS_SEARCH_USER_PATHS = NO;
				CLANG_ANALYZER_NONNULL = YES;
				CLANG_ANALYZER_NUMBER_OBJECT_CONVERSION = YES_AGGRESSIVE;
				CLANG_CXX_LANGUAGE_STANDARD = "gnu++14";
				CLANG_CXX_LIBRARY = "libc++";
				CLANG_ENABLE_MODULES = YES;
				CLANG_ENABLE_OBJC_ARC = YES;
				CLANG_ENABLE_OBJC_WEAK = YES;
				CLANG_WARN_BLOCK_CAPTURE_AUTORELEASING = YES;
				CLANG_WARN_BOOL_CONVERSION = YES;
				CLANG_WARN_COMMA = YES;
				CLANG_WARN_CONSTANT_CONVERSION = YES;
				CLANG_WARN_DEPRECATED_OBJC_IMPLEMENTATIONS = YES;
				CLANG_WARN_DIRECT_OBJC_ISA_USAGE = YES_ERROR;
				CLANG_WARN_DOCUMENTATION_COMMENTS = YES;
				CLANG_WARN_EMPTY_BODY = YES;
				CLANG_WARN_ENUM_CONVERSION = YES;
				CLANG_WARN_INFINITE_RECURSION = YES;
				CLANG_WARN_INT_CONVERSION = YES;
				CLANG_WARN_NON_LITERAL_NULL_CONVERSION = YES;
				CLANG_WARN_OBJC_IMPLICIT_RETAIN_SELF = YES;
				CLANG_WARN_OBJC_LITERAL_CONVERSION = YES;
				CLANG_WARN_OBJC_ROOT_CLASS = YES_ERROR;
				CLANG_WARN_RANGE_LOOP_ANALYSIS = YES;
				CLANG_WARN_STRICT_PROTOTYPES = YES;
				CLANG_WARN_SUSPICIOUS_MOVE = YES;
				CLANG_WARN_UNGUARDED_AVAILABILITY = YES_AGGRESSIVE;
				CLANG_WARN_UNREACHABLE_CODE = YES;
				CLANG_WARN__DUPLICATE_METHOD_MATCH = YES;
				COPY_PHASE_STRIP = NO;
				DEBUG_INFORMATION_FORMAT = dwarf;
				ENABLE_STRICT_OBJC_MSGSEND = YES;
				ENABLE_TESTABILITY = YES;
				GCC_C_LANGUAGE_STANDARD = gnu11;
				GCC_DYNAMIC_NO_PIC = NO;
				GCC_NO_COMMON_BLOCKS = YES;
				GCC_OPTIMIZATION_LEVEL = 0;
				GCC_PREPROCESSOR_DEFINITIONS = (
					"DEBUG=1",
					"$(inherited)",
				);
				GCC_WARN_64_TO_32_BIT_CONVERSION = YES;
				GCC_WARN_ABOUT_RETURN_TYPE = YES_ERROR;
				GCC_WARN_UNDECLARED_SELECTOR = YES;
				GCC_WARN_UNINITIALIZED_AUTOS = YES_AGGRESSIVE;
				GCC_WARN_UNUSED_FUNCTION = YES;
				GCC_WARN_UNUSED_VARIABLE = YES;
				IPHONEOS_DEPLOYMENT_TARGET = 13.2;
				MTL_ENABLE_DEBUG_INFO = INCLUDE_SOURCE;
				MTL_FAST_MATH = YES;
				ONLY_ACTIVE_ARCH = YES;
				SDKROOT = iphoneos;
				SWIFT_ACTIVE_COMPILATION_CONDITIONS = DEBUG;
				SWIFT_OPTIMIZATION_LEVEL = "-Onone";
			};
			name = Debug;
		};
		43532D1323D2327600C01282 /* Release */ = {
			isa = XCBuildConfiguration;
			buildSettings = {
				ALWAYS_SEARCH_USER_PATHS = NO;
				CLANG_ANALYZER_NONNULL = YES;
				CLANG_ANALYZER_NUMBER_OBJECT_CONVERSION = YES_AGGRESSIVE;
				CLANG_CXX_LANGUAGE_STANDARD = "gnu++14";
				CLANG_CXX_LIBRARY = "libc++";
				CLANG_ENABLE_MODULES = YES;
				CLANG_ENABLE_OBJC_ARC = YES;
				CLANG_ENABLE_OBJC_WEAK = YES;
				CLANG_WARN_BLOCK_CAPTURE_AUTORELEASING = YES;
				CLANG_WARN_BOOL_CONVERSION = YES;
				CLANG_WARN_COMMA = YES;
				CLANG_WARN_CONSTANT_CONVERSION = YES;
				CLANG_WARN_DEPRECATED_OBJC_IMPLEMENTATIONS = YES;
				CLANG_WARN_DIRECT_OBJC_ISA_USAGE = YES_ERROR;
				CLANG_WARN_DOCUMENTATION_COMMENTS = YES;
				CLANG_WARN_EMPTY_BODY = YES;
				CLANG_WARN_ENUM_CONVERSION = YES;
				CLANG_WARN_INFINITE_RECURSION = YES;
				CLANG_WARN_INT_CONVERSION = YES;
				CLANG_WARN_NON_LITERAL_NULL_CONVERSION = YES;
				CLANG_WARN_OBJC_IMPLICIT_RETAIN_SELF = YES;
				CLANG_WARN_OBJC_LITERAL_CONVERSION = YES;
				CLANG_WARN_OBJC_ROOT_CLASS = YES_ERROR;
				CLANG_WARN_RANGE_LOOP_ANALYSIS = YES;
				CLANG_WARN_STRICT_PROTOTYPES = YES;
				CLANG_WARN_SUSPICIOUS_MOVE = YES;
				CLANG_WARN_UNGUARDED_AVAILABILITY = YES_AGGRESSIVE;
				CLANG_WARN_UNREACHABLE_CODE = YES;
				CLANG_WARN__DUPLICATE_METHOD_MATCH = YES;
				COPY_PHASE_STRIP = NO;
				DEBUG_INFORMATION_FORMAT = "dwarf-with-dsym";
				ENABLE_NS_ASSERTIONS = NO;
				ENABLE_STRICT_OBJC_MSGSEND = YES;
				GCC_C_LANGUAGE_STANDARD = gnu11;
				GCC_NO_COMMON_BLOCKS = YES;
				GCC_WARN_64_TO_32_BIT_CONVERSION = YES;
				GCC_WARN_ABOUT_RETURN_TYPE = YES_ERROR;
				GCC_WARN_UNDECLARED_SELECTOR = YES;
				GCC_WARN_UNINITIALIZED_AUTOS = YES_AGGRESSIVE;
				GCC_WARN_UNUSED_FUNCTION = YES;
				GCC_WARN_UNUSED_VARIABLE = YES;
				IPHONEOS_DEPLOYMENT_TARGET = 13.2;
				MTL_ENABLE_DEBUG_INFO = NO;
				MTL_FAST_MATH = YES;
				SDKROOT = iphoneos;
				SWIFT_COMPILATION_MODE = wholemodule;
				SWIFT_OPTIMIZATION_LEVEL = "-O";
				VALIDATE_PRODUCT = YES;
			};
			name = Release;
		};
		43532D1523D2327600C01282 /* Debug */ = {
			isa = XCBuildConfiguration;
			buildSettings = {
				ASSETCATALOG_COMPILER_APPICON_NAME = AppIcon;
				CODE_SIGN_STYLE = Automatic;
				DEVELOPMENT_TEAM = L394HNXLJU;
				INFOPLIST_FILE = BreastScouter/Info.plist;
				LD_RUNPATH_SEARCH_PATHS = (
					"$(inherited)",
					"@executable_path/Frameworks",
				);
				PRODUCT_BUNDLE_IDENTIFIER = "com.icloud-93cookie-yuuta.BreastScouter";
				PRODUCT_NAME = "$(TARGET_NAME)";
				SWIFT_VERSION = 5.0;
				TARGETED_DEVICE_FAMILY = "1,2";
			};
			name = Debug;
		};
		43532D1623D2327600C01282 /* Release */ = {
			isa = XCBuildConfiguration;
			buildSettings = {
				ASSETCATALOG_COMPILER_APPICON_NAME = AppIcon;
				CODE_SIGN_STYLE = Automatic;
				DEVELOPMENT_TEAM = L394HNXLJU;
				INFOPLIST_FILE = BreastScouter/Info.plist;
				LD_RUNPATH_SEARCH_PATHS = (
					"$(inherited)",
					"@executable_path/Frameworks",
				);
				PRODUCT_BUNDLE_IDENTIFIER = "com.icloud-93cookie-yuuta.BreastScouter";
				PRODUCT_NAME = "$(TARGET_NAME)";
				SWIFT_VERSION = 5.0;
				TARGETED_DEVICE_FAMILY = "1,2";
			};
			name = Release;
		};
/* End XCBuildConfiguration section */

/* Begin XCConfigurationList section */
		43532CFB23D2327300C01282 /* Build configuration list for PBXProject "BreastScouter" */ = {
			isa = XCConfigurationList;
			buildConfigurations = (
				43532D1223D2327600C01282 /* Debug */,
				43532D1323D2327600C01282 /* Release */,
			);
			defaultConfigurationIsVisible = 0;
			defaultConfigurationName = Release;
		};
		43532D1423D2327600C01282 /* Build configuration list for PBXNativeTarget "BreastScouter" */ = {
			isa = XCConfigurationList;
			buildConfigurations = (
				43532D1523D2327600C01282 /* Debug */,
				43532D1623D2327600C01282 /* Release */,
			);
			defaultConfigurationIsVisible = 0;
			defaultConfigurationName = Release;
		};
/* End XCConfigurationList section */
	};
	rootObject = 43532CF823D2327300C01282 /* Project object */;
}
